
Microsoft Visual Studio Solution File, Format Version 12.00
# Visual Studio Version 17
VisualStudioVersion = 17.3.32825.248
MinimumVisualStudioVersion = 10.0.40219.1
Project("{FAE04EC0-301F-11D3-BF4B-00C04F79EFBC}") = "111-1PC5", "111-1PC5\111-1PC5.csproj", "{EA7D062A-E374-4F62-A9AF-18AE54D6BCE9}"
EndProject
Global
	GlobalSection(SolutionConfigurationPlatforms) = preSolution
		Debug|Any CPU = Debug|Any CPU
		Release|Any CPU = Release|Any CPU
	EndGlobalSection
	GlobalSection(ProjectConfigurationPlatforms) = postSolution
		{EA7D062A-E374-4F62-A9AF-18AE54D6BCE9}.Debug|Any CPU.ActiveCfg = Debug|Any CPU
		{EA7D062A-E374-4F62-A9AF-18AE54D6BCE9}.Debug|Any CPU.Build.0 = Debug|Any CPU
		{EA7D062A-E374-4F62-A9AF-18AE54D6BCE9}.Release|Any CPU.ActiveCfg = Release|Any CPU
		{EA7D062A-E374-4F62-A9AF-18AE54D6BCE9}.Release|Any CPU.Build.0 = Release|Any CPU
	EndGlobalSection
	GlobalSection(SolutionProperties) = preSolution
		HideSolutionNode = FALSE
	EndGlobalSection
	GlobalSection(ExtensibilityGlobals) = postSolution
		SolutionGuid = {0219E171-E567-415D-A3E9-BFAC6663D543}
	EndGlobalSection
EndGlobal
